
Microsoft Visual Studio Solution File, Format Version 12.00
# Visual Studio 14
VisualStudioVersion = 14.0.24720.0
MinimumVisualStudioVersion = 10.0.40219.1
Project("{FAE04EC0-301F-11D3-BF4B-00C04F79EFBC}") = "FastBar.MobileChallenge.Droid", "FastBar.MobileChallenge\FastBar.MobileChallenge.Droid\FastBar.MobileChallenge.Droid.csproj", "{CFE9FDC6-F91D-4CD1-9F8E-54B7CDC19FDD}"
EndProject
Project("{FAE04EC0-301F-11D3-BF4B-00C04F79EFBC}") = "FastBar.MobileChallenge.iOS", "FastBar.MobileChallenge\FastBar.MobileChallenge.iOS\FastBar.MobileChallenge.iOS.csproj", "{0A0D204C-1867-47FF-8C57-FD29E36AE903}"
EndProject
Project("{FAE04EC0-301F-11D3-BF4B-00C04F79EFBC}") = "FastBar.MobileChallenge", "FastBar.MobileChallenge\FastBar.MobileChallenge\FastBar.MobileChallenge.csproj", "{D52ACC82-0F2E-4588-8D58-43671E4477B8}"
EndProject
Project("{FAE04EC0-301F-11D3-BF4B-00C04F79EFBC}") = "Portable.FluentRest", "Portable.FluentRest\Portable.FluentRest.csproj", "{E28F9BF4-5D64-49D1-A319-CDC9508538C4}"
EndProject
Project("{2150E333-8FDC-42A3-9474-1A3956D46DE8}") = "Apps", "Apps", "{F3A20495-6EC0-41D2-B857-FDC3BFE7ACAF}"
EndProject
Project("{2150E333-8FDC-42A3-9474-1A3956D46DE8}") = "Libraries", "Libraries", "{5C6BBF59-5D11-40E8-8DB4-F0F396CA8150}"
EndProject
Project("{2150E333-8FDC-42A3-9474-1A3956D46DE8}") = "Tests", "Tests", "{BAB93B02-5B57-47AD-B43C-12713E55CBB8}"
EndProject
Project("{FAE04EC0-301F-11D3-BF4B-00C04F79EFBC}") = "FastBar.MobileChallenge.Tests", "FastBar.MobileChallenge\FastBar.MobileChallenge.Tests\FastBar.MobileChallenge.Tests.csproj", "{F46A9C6B-B01C-46E7-BDCF-59DEDFCB476D}"
EndProject
Global
	GlobalSection(SolutionConfigurationPlatforms) = preSolution
		Ad-Hoc|Any CPU = Ad-Hoc|Any CPU
		Ad-Hoc|ARM = Ad-Hoc|ARM
		Ad-Hoc|iPhone = Ad-Hoc|iPhone
		Ad-Hoc|iPhoneSimulator = Ad-Hoc|iPhoneSimulator
		Ad-Hoc|x86 = Ad-Hoc|x86
		AppStore|Any CPU = AppStore|Any CPU
		AppStore|ARM = AppStore|ARM
		AppStore|iPhone = AppStore|iPhone
		AppStore|iPhoneSimulator = AppStore|iPhoneSimulator
		AppStore|x86 = AppStore|x86
		Debug|Any CPU = Debug|Any CPU
		Debug|ARM = Debug|ARM
		Debug|iPhone = Debug|iPhone
		Debug|iPhoneSimulator = Debug|iPhoneSimulator
		Debug|x86 = Debug|x86
		Release|Any CPU = Release|Any CPU
		Release|ARM = Release|ARM
		Release|iPhone = Release|iPhone
		Release|iPhoneSimulator = Release|iPhoneSimulator
		Release|x86 = Release|x86
	EndGlobalSection
	GlobalSection(ProjectConfigurationPlatforms) = postSolution
		{CFE9FDC6-F91D-4CD1-9F8E-54B7CDC19FDD}.Ad-Hoc|Any CPU.ActiveCfg = Release|Any CPU
		{CFE9FDC6-F91D-4CD1-9F8E-54B7CDC19FDD}.Ad-Hoc|Any CPU.Build.0 = Release|Any CPU
		{CFE9FDC6-F91D-4CD1-9F8E-54B7CDC19FDD}.Ad-Hoc|Any CPU.Deploy.0 = Release|Any CPU
		{CFE9FDC6-F91D-4CD1-9F8E-54B7CDC19FDD}.Ad-Hoc|ARM.ActiveCfg = Release|Any CPU
		{CFE9FDC6-F91D-4CD1-9F8E-54B7CDC19FDD}.Ad-Hoc|ARM.Build.0 = Release|Any CPU
		{CFE9FDC6-F91D-4CD1-9F8E-54B7CDC19FDD}.Ad-Hoc|ARM.Deploy.0 = Release|Any CPU
		{CFE9FDC6-F91D-4CD1-9F8E-54B7CDC19FDD}.Ad-Hoc|iPhone.ActiveCfg = Release|Any CPU
		{CFE9FDC6-F91D-4CD1-9F8E-54B7CDC19FDD}.Ad-Hoc|iPhone.Build.0 = Release|Any CPU
		{CFE9FDC6-F91D-4CD1-9F8E-54B7CDC19FDD}.Ad-Hoc|iPhone.Deploy.0 = Release|Any CPU
		{CFE9FDC6-F91D-4CD1-9F8E-54B7CDC19FDD}.Ad-Hoc|iPhoneSimulator.ActiveCfg = Release|Any CPU
		{CFE9FDC6-F91D-4CD1-9F8E-54B7CDC19FDD}.Ad-Hoc|iPhoneSimulator.Build.0 = Release|Any CPU
		{CFE9FDC6-F91D-4CD1-9F8E-54B7CDC19FDD}.Ad-Hoc|iPhoneSimulator.Deploy.0 = Release|Any CPU
		{CFE9FDC6-F91D-4CD1-9F8E-54B7CDC19FDD}.Ad-Hoc|x86.ActiveCfg = Release|Any CPU
		{CFE9FDC6-F91D-4CD1-9F8E-54B7CDC19FDD}.Ad-Hoc|x86.Build.0 = Release|Any CPU
		{CFE9FDC6-F91D-4CD1-9F8E-54B7CDC19FDD}.Ad-Hoc|x86.Deploy.0 = Release|Any CPU
		{CFE9FDC6-F91D-4CD1-9F8E-54B7CDC19FDD}.AppStore|Any CPU.ActiveCfg = Release|Any CPU
		{CFE9FDC6-F91D-4CD1-9F8E-54B7CDC19FDD}.AppStore|Any CPU.Build.0 = Release|Any CPU
		{CFE9FDC6-F91D-4CD1-9F8E-54B7CDC19FDD}.AppStore|Any CPU.Deploy.0 = Release|Any CPU
		{CFE9FDC6-F91D-4CD1-9F8E-54B7CDC19FDD}.AppStore|ARM.ActiveCfg = Release|Any CPU
		{CFE9FDC6-F91D-4CD1-9F8E-54B7CDC19FDD}.AppStore|ARM.Build.0 = Release|Any CPU
		{CFE9FDC6-F91D-4CD1-9F8E-54B7CDC19FDD}.AppStore|ARM.Deploy.0 = Release|Any CPU
		{CFE9FDC6-F91D-4CD1-9F8E-54B7CDC19FDD}.AppStore|iPhone.ActiveCfg = Release|Any CPU
		{CFE9FDC6-F91D-4CD1-9F8E-54B7CDC19FDD}.AppStore|iPhone.Build.0 = Release|Any CPU
		{CFE9FDC6-F91D-4CD1-9F8E-54B7CDC19FDD}.AppStore|iPhone.Deploy.0 = Release|Any CPU
		{CFE9FDC6-F91D-4CD1-9F8E-54B7CDC19FDD}.AppStore|iPhoneSimulator.ActiveCfg = Release|Any CPU
		{CFE9FDC6-F91D-4CD1-9F8E-54B7CDC19FDD}.AppStore|iPhoneSimulator.Build.0 = Release|Any CPU
		{CFE9FDC6-F91D-4CD1-9F8E-54B7CDC19FDD}.AppStore|iPhoneSimulator.Deploy.0 = Release|Any CPU
		{CFE9FDC6-F91D-4CD1-9F8E-54B7CDC19FDD}.AppStore|x86.ActiveCfg = Release|Any CPU
		{CFE9FDC6-F91D-4CD1-9F8E-54B7CDC19FDD}.AppStore|x86.Build.0 = Release|Any CPU
		{CFE9FDC6-F91D-4CD1-9F8E-54B7CDC19FDD}.AppStore|x86.Deploy.0 = Release|Any CPU
		{CFE9FDC6-F91D-4CD1-9F8E-54B7CDC19FDD}.Debug|Any CPU.ActiveCfg = Debug|Any CPU
		{CFE9FDC6-F91D-4CD1-9F8E-54B7CDC19FDD}.Debug|Any CPU.Build.0 = Debug|Any CPU
		{CFE9FDC6-F91D-4CD1-9F8E-54B7CDC19FDD}.Debug|Any CPU.Deploy.0 = Debug|Any CPU
		{CFE9FDC6-F91D-4CD1-9F8E-54B7CDC19FDD}.Debug|ARM.ActiveCfg = Debug|Any CPU
		{CFE9FDC6-F91D-4CD1-9F8E-54B7CDC19FDD}.Debug|ARM.Build.0 = Debug|Any CPU
		{CFE9FDC6-F91D-4CD1-9F8E-54B7CDC19FDD}.Debug|ARM.Deploy.0 = Debug|Any CPU
		{CFE9FDC6-F91D-4CD1-9F8E-54B7CDC19FDD}.Debug|iPhone.ActiveCfg = Debug|Any CPU
		{CFE9FDC6-F91D-4CD1-9F8E-54B7CDC19FDD}.Debug|iPhone.Build.0 = Debug|Any CPU
		{CFE9FDC6-F91D-4CD1-9F8E-54B7CDC19FDD}.Debug|iPhone.Deploy.0 = Debug|Any CPU
		{CFE9FDC6-F91D-4CD1-9F8E-54B7CDC19FDD}.Debug|iPhoneSimulator.ActiveCfg = Debug|Any CPU
		{CFE9FDC6-F91D-4CD1-9F8E-54B7CDC19FDD}.Debug|iPhoneSimulator.Build.0 = Debug|Any CPU
		{CFE9FDC6-F91D-4CD1-9F8E-54B7CDC19FDD}.Debug|iPhoneSimulator.Deploy.0 = Debug|Any CPU
		{CFE9FDC6-F91D-4CD1-9F8E-54B7CDC19FDD}.Debug|x86.ActiveCfg = Debug|Any CPU
		{CFE9FDC6-F91D-4CD1-9F8E-54B7CDC19FDD}.Debug|x86.Build.0 = Debug|Any CPU
		{CFE9FDC6-F91D-4CD1-9F8E-54B7CDC19FDD}.Debug|x86.Deploy.0 = Debug|Any CPU
		{CFE9FDC6-F91D-4CD1-9F8E-54B7CDC19FDD}.Release|Any CPU.ActiveCfg = Release|Any CPU
		{CFE9FDC6-F91D-4CD1-9F8E-54B7CDC19FDD}.Release|Any CPU.Build.0 = Release|Any CPU
		{CFE9FDC6-F91D-4CD1-9F8E-54B7CDC19FDD}.Release|Any CPU.Deploy.0 = Release|Any CPU
		{CFE9FDC6-F91D-4CD1-9F8E-54B7CDC19FDD}.Release|ARM.ActiveCfg = Release|Any CPU
		{CFE9FDC6-F91D-4CD1-9F8E-54B7CDC19FDD}.Release|ARM.Build.0 = Release|Any CPU
		{CFE9FDC6-F91D-4CD1-9F8E-54B7CDC19FDD}.Release|ARM.Deploy.0 = Release|Any CPU
		{CFE9FDC6-F91D-4CD1-9F8E-54B7CDC19FDD}.Release|iPhone.ActiveCfg = Release|Any CPU
		{CFE9FDC6-F91D-4CD1-9F8E-54B7CDC19FDD}.Release|iPhone.Build.0 = Release|Any CPU
		{CFE9FDC6-F91D-4CD1-9F8E-54B7CDC19FDD}.Release|iPhone.Deploy.0 = Release|Any CPU
		{CFE9FDC6-F91D-4CD1-9F8E-54B7CDC19FDD}.Release|iPhoneSimulator.ActiveCfg = Release|Any CPU
		{CFE9FDC6-F91D-4CD1-9F8E-54B7CDC19FDD}.Release|iPhoneSimulator.Build.0 = Release|Any CPU
		{CFE9FDC6-F91D-4CD1-9F8E-54B7CDC19FDD}.Release|iPhoneSimulator.Deploy.0 = Release|Any CPU
		{CFE9FDC6-F91D-4CD1-9F8E-54B7CDC19FDD}.Release|x86.ActiveCfg = Release|Any CPU
		{CFE9FDC6-F91D-4CD1-9F8E-54B7CDC19FDD}.Release|x86.Build.0 = Release|Any CPU
		{CFE9FDC6-F91D-4CD1-9F8E-54B7CDC19FDD}.Release|x86.Deploy.0 = Release|Any CPU
		{0A0D204C-1867-47FF-8C57-FD29E36AE903}.Ad-Hoc|Any CPU.ActiveCfg = Ad-Hoc|iPhone
		{0A0D204C-1867-47FF-8C57-FD29E36AE903}.Ad-Hoc|ARM.ActiveCfg = Ad-Hoc|iPhone
		{0A0D204C-1867-47FF-8C57-FD29E36AE903}.Ad-Hoc|iPhone.ActiveCfg = Ad-Hoc|iPhone
		{0A0D204C-1867-47FF-8C57-FD29E36AE903}.Ad-Hoc|iPhone.Build.0 = Ad-Hoc|iPhone
		{0A0D204C-1867-47FF-8C57-FD29E36AE903}.Ad-Hoc|iPhoneSimulator.ActiveCfg = Ad-Hoc|iPhoneSimulator
		{0A0D204C-1867-47FF-8C57-FD29E36AE903}.Ad-Hoc|iPhoneSimulator.Build.0 = Ad-Hoc|iPhoneSimulator
		{0A0D204C-1867-47FF-8C57-FD29E36AE903}.Ad-Hoc|x86.ActiveCfg = Ad-Hoc|iPhone
		{0A0D204C-1867-47FF-8C57-FD29E36AE903}.AppStore|Any CPU.ActiveCfg = AppStore|iPhone
		{0A0D204C-1867-47FF-8C57-FD29E36AE903}.AppStore|ARM.ActiveCfg = AppStore|iPhone
		{0A0D204C-1867-47FF-8C57-FD29E36AE903}.AppStore|iPhone.ActiveCfg = AppStore|iPhone
		{0A0D204C-1867-47FF-8C57-FD29E36AE903}.AppStore|iPhone.Build.0 = AppStore|iPhone
		{0A0D204C-1867-47FF-8C57-FD29E36AE903}.AppStore|iPhoneSimulator.ActiveCfg = AppStore|iPhoneSimulator
		{0A0D204C-1867-47FF-8C57-FD29E36AE903}.AppStore|iPhoneSimulator.Build.0 = AppStore|iPhoneSimulator
		{0A0D204C-1867-47FF-8C57-FD29E36AE903}.AppStore|x86.ActiveCfg = AppStore|iPhone
		{0A0D204C-1867-47FF-8C57-FD29E36AE903}.Debug|Any CPU.ActiveCfg = Debug|iPhone
		{0A0D204C-1867-47FF-8C57-FD29E36AE903}.Debug|ARM.ActiveCfg = Debug|iPhone
		{0A0D204C-1867-47FF-8C57-FD29E36AE903}.Debug|iPhone.ActiveCfg = Debug|iPhone
		{0A0D204C-1867-47FF-8C57-FD29E36AE903}.Debug|iPhone.Build.0 = Debug|iPhone
		{0A0D204C-1867-47FF-8C57-FD29E36AE903}.Debug|iPhoneSimulator.ActiveCfg = Debug|iPhoneSimulator
		{0A0D204C-1867-47FF-8C57-FD29E36AE903}.Debug|iPhoneSimulator.Build.0 = Debug|iPhoneSimulator
		{0A0D204C-1867-47FF-8C57-FD29E36AE903}.Debug|x86.ActiveCfg = Debug|iPhone
		{0A0D204C-1867-47FF-8C57-FD29E36AE903}.Release|Any CPU.ActiveCfg = Release|iPhone
		{0A0D204C-1867-47FF-8C57-FD29E36AE903}.Release|ARM.ActiveCfg = Release|iPhone
		{0A0D204C-1867-47FF-8C57-FD29E36AE903}.Release|iPhone.ActiveCfg = Release|iPhone
		{0A0D204C-1867-47FF-8C57-FD29E36AE903}.Release|iPhone.Build.0 = Release|iPhone
		{0A0D204C-1867-47FF-8C57-FD29E36AE903}.Release|iPhoneSimulator.ActiveCfg = Release|iPhoneSimulator
		{0A0D204C-1867-47FF-8C57-FD29E36AE903}.Release|iPhoneSimulator.Build.0 = Release|iPhoneSimulator
		{0A0D204C-1867-47FF-8C57-FD29E36AE903}.Release|x86.ActiveCfg = Release|iPhone
		{D52ACC82-0F2E-4588-8D58-43671E4477B8}.Ad-Hoc|Any CPU.ActiveCfg = Release|Any CPU
		{D52ACC82-0F2E-4588-8D58-43671E4477B8}.Ad-Hoc|Any CPU.Build.0 = Release|Any CPU
		{D52ACC82-0F2E-4588-8D58-43671E4477B8}.Ad-Hoc|ARM.ActiveCfg = Release|Any CPU
		{D52ACC82-0F2E-4588-8D58-43671E4477B8}.Ad-Hoc|ARM.Build.0 = Release|Any CPU
		{D52ACC82-0F2E-4588-8D58-43671E4477B8}.Ad-Hoc|iPhone.ActiveCfg = Release|Any CPU
		{D52ACC82-0F2E-4588-8D58-43671E4477B8}.Ad-Hoc|iPhone.Build.0 = Release|Any CPU
		{D52ACC82-0F2E-4588-8D58-43671E4477B8}.Ad-Hoc|iPhoneSimulator.ActiveCfg = Release|Any CPU
		{D52ACC82-0F2E-4588-8D58-43671E4477B8}.Ad-Hoc|iPhoneSimulator.Build.0 = Release|Any CPU
		{D52ACC82-0F2E-4588-8D58-43671E4477B8}.Ad-Hoc|x86.ActiveCfg = Release|Any CPU
		{D52ACC82-0F2E-4588-8D58-43671E4477B8}.Ad-Hoc|x86.Build.0 = Release|Any CPU
		{D52ACC82-0F2E-4588-8D58-43671E4477B8}.AppStore|Any CPU.ActiveCfg = Release|Any CPU
		{D52ACC82-0F2E-4588-8D58-43671E4477B8}.AppStore|Any CPU.Build.0 = Release|Any CPU
		{D52ACC82-0F2E-4588-8D58-43671E4477B8}.AppStore|ARM.ActiveCfg = Release|Any CPU
		{D52ACC82-0F2E-4588-8D58-43671E4477B8}.AppStore|ARM.Build.0 = Release|Any CPU
		{D52ACC82-0F2E-4588-8D58-43671E4477B8}.AppStore|iPhone.ActiveCfg = Release|Any CPU
		{D52ACC82-0F2E-4588-8D58-43671E4477B8}.AppStore|iPhone.Build.0 = Release|Any CPU
		{D52ACC82-0F2E-4588-8D58-43671E4477B8}.AppStore|iPhoneSimulator.ActiveCfg = Release|Any CPU
		{D52ACC82-0F2E-4588-8D58-43671E4477B8}.AppStore|iPhoneSimulator.Build.0 = Release|Any CPU
		{D52ACC82-0F2E-4588-8D58-43671E4477B8}.AppStore|x86.ActiveCfg = Release|Any CPU
		{D52ACC82-0F2E-4588-8D58-43671E4477B8}.AppStore|x86.Build.0 = Release|Any CPU
		{D52ACC82-0F2E-4588-8D58-43671E4477B8}.Debug|Any CPU.ActiveCfg = Debug|Any CPU
		{D52ACC82-0F2E-4588-8D58-43671E4477B8}.Debug|Any CPU.Build.0 = Debug|Any CPU
		{D52ACC82-0F2E-4588-8D58-43671E4477B8}.Debug|ARM.ActiveCfg = Debug|Any CPU
		{D52ACC82-0F2E-4588-8D58-43671E4477B8}.Debug|ARM.Build.0 = Debug|Any CPU
		{D52ACC82-0F2E-4588-8D58-43671E4477B8}.Debug|iPhone.ActiveCfg = Debug|Any CPU
		{D52ACC82-0F2E-4588-8D58-43671E4477B8}.Debug|iPhone.Build.0 = Debug|Any CPU
		{D52ACC82-0F2E-4588-8D58-43671E4477B8}.Debug|iPhoneSimulator.ActiveCfg = Debug|Any CPU
		{D52ACC82-0F2E-4588-8D58-43671E4477B8}.Debug|iPhoneSimulator.Build.0 = Debug|Any CPU
		{D52ACC82-0F2E-4588-8D58-43671E4477B8}.Debug|x86.ActiveCfg = Debug|Any CPU
		{D52ACC82-0F2E-4588-8D58-43671E4477B8}.Debug|x86.Build.0 = Debug|Any CPU
		{D52ACC82-0F2E-4588-8D58-43671E4477B8}.Release|Any CPU.ActiveCfg = Release|Any CPU
		{D52ACC82-0F2E-4588-8D58-43671E4477B8}.Release|Any CPU.Build.0 = Release|Any CPU
		{D52ACC82-0F2E-4588-8D58-43671E4477B8}.Release|ARM.ActiveCfg = Release|Any CPU
		{D52ACC82-0F2E-4588-8D58-43671E4477B8}.Release|ARM.Build.0 = Release|Any CPU
		{D52ACC82-0F2E-4588-8D58-43671E4477B8}.Release|iPhone.ActiveCfg = Release|Any CPU
		{D52ACC82-0F2E-4588-8D58-43671E4477B8}.Release|iPhone.Build.0 = Release|Any CPU
		{D52ACC82-0F2E-4588-8D58-43671E4477B8}.Release|iPhoneSimulator.ActiveCfg = Release|Any CPU
		{D52ACC82-0F2E-4588-8D58-43671E4477B8}.Release|iPhoneSimulator.Build.0 = Release|Any CPU
		{D52ACC82-0F2E-4588-8D58-43671E4477B8}.Release|x86.ActiveCfg = Release|Any CPU
		{D52ACC82-0F2E-4588-8D58-43671E4477B8}.Release|x86.Build.0 = Release|Any CPU
		{E28F9BF4-5D64-49D1-A319-CDC9508538C4}.Ad-Hoc|Any CPU.ActiveCfg = Release|Any CPU
		{E28F9BF4-5D64-49D1-A319-CDC9508538C4}.Ad-Hoc|Any CPU.Build.0 = Release|Any CPU
		{E28F9BF4-5D64-49D1-A319-CDC9508538C4}.Ad-Hoc|ARM.ActiveCfg = Release|Any CPU
		{E28F9BF4-5D64-49D1-A319-CDC9508538C4}.Ad-Hoc|ARM.Build.0 = Release|Any CPU
		{E28F9BF4-5D64-49D1-A319-CDC9508538C4}.Ad-Hoc|iPhone.ActiveCfg = Release|Any CPU
		{E28F9BF4-5D64-49D1-A319-CDC9508538C4}.Ad-Hoc|iPhone.Build.0 = Release|Any CPU
		{E28F9BF4-5D64-49D1-A319-CDC9508538C4}.Ad-Hoc|iPhoneSimulator.ActiveCfg = Release|Any CPU
		{E28F9BF4-5D64-49D1-A319-CDC9508538C4}.Ad-Hoc|iPhoneSimulator.Build.0 = Release|Any CPU
		{E28F9BF4-5D64-49D1-A319-CDC9508538C4}.Ad-Hoc|x86.ActiveCfg = Release|Any CPU
		{E28F9BF4-5D64-49D1-A319-CDC9508538C4}.Ad-Hoc|x86.Build.0 = Release|Any CPU
		{E28F9BF4-5D64-49D1-A319-CDC9508538C4}.AppStore|Any CPU.ActiveCfg = Release|Any CPU
		{E28F9BF4-5D64-49D1-A319-CDC9508538C4}.AppStore|Any CPU.Build.0 = Release|Any CPU
		{E28F9BF4-5D64-49D1-A319-CDC9508538C4}.AppStore|ARM.ActiveCfg = Release|Any CPU
		{E28F9BF4-5D64-49D1-A319-CDC9508538C4}.AppStore|ARM.Build.0 = Release|Any CPU
		{E28F9BF4-5D64-49D1-A319-CDC9508538C4}.AppStore|iPhone.ActiveCfg = Release|Any CPU
		{E28F9BF4-5D64-49D1-A319-CDC9508538C4}.AppStore|iPhone.Build.0 = Release|Any CPU
		{E28F9BF4-5D64-49D1-A319-CDC9508538C4}.AppStore|iPhoneSimulator.ActiveCfg = Release|Any CPU
		{E28F9BF4-5D64-49D1-A319-CDC9508538C4}.AppStore|iPhoneSimulator.Build.0 = Release|Any CPU
		{E28F9BF4-5D64-49D1-A319-CDC9508538C4}.AppStore|x86.ActiveCfg = Release|Any CPU
		{E28F9BF4-5D64-49D1-A319-CDC9508538C4}.AppStore|x86.Build.0 = Release|Any CPU
		{E28F9BF4-5D64-49D1-A319-CDC9508538C4}.Debug|Any CPU.ActiveCfg = Debug|Any CPU
		{E28F9BF4-5D64-49D1-A319-CDC9508538C4}.Debug|Any CPU.Build.0 = Debug|Any CPU
		{E28F9BF4-5D64-49D1-A319-CDC9508538C4}.Debug|ARM.ActiveCfg = Debug|Any CPU
		{E28F9BF4-5D64-49D1-A319-CDC9508538C4}.Debug|ARM.Build.0 = Debug|Any CPU
		{E28F9BF4-5D64-49D1-A319-CDC9508538C4}.Debug|iPhone.ActiveCfg = Debug|Any CPU
		{E28F9BF4-5D64-49D1-A319-CDC9508538C4}.Debug|iPhone.Build.0 = Debug|Any CPU
		{E28F9BF4-5D64-49D1-A319-CDC9508538C4}.Debug|iPhoneSimulator.ActiveCfg = Debug|Any CPU
		{E28F9BF4-5D64-49D1-A319-CDC9508538C4}.Debug|iPhoneSimulator.Build.0 = Debug|Any CPU
		{E28F9BF4-5D64-49D1-A319-CDC9508538C4}.Debug|x86.ActiveCfg = Debug|Any CPU
		{E28F9BF4-5D64-49D1-A319-CDC9508538C4}.Debug|x86.Build.0 = Debug|Any CPU
		{E28F9BF4-5D64-49D1-A319-CDC9508538C4}.Release|Any CPU.ActiveCfg = Release|Any CPU
		{E28F9BF4-5D64-49D1-A319-CDC9508538C4}.Release|Any CPU.Build.0 = Release|Any CPU
		{E28F9BF4-5D64-49D1-A319-CDC9508538C4}.Release|ARM.ActiveCfg = Release|Any CPU
		{E28F9BF4-5D64-49D1-A319-CDC9508538C4}.Release|ARM.Build.0 = Release|Any CPU
		{E28F9BF4-5D64-49D1-A319-CDC9508538C4}.Release|iPhone.ActiveCfg = Release|Any CPU
		{E28F9BF4-5D64-49D1-A319-CDC9508538C4}.Release|iPhone.Build.0 = Release|Any CPU
		{E28F9BF4-5D64-49D1-A319-CDC9508538C4}.Release|iPhoneSimulator.ActiveCfg = Release|Any CPU
		{E28F9BF4-5D64-49D1-A319-CDC9508538C4}.Release|iPhoneSimulator.Build.0 = Release|Any CPU
		{E28F9BF4-5D64-49D1-A319-CDC9508538C4}.Release|x86.ActiveCfg = Release|Any CPU
		{E28F9BF4-5D64-49D1-A319-CDC9508538C4}.Release|x86.Build.0 = Release|Any CPU
		{F46A9C6B-B01C-46E7-BDCF-59DEDFCB476D}.Ad-Hoc|Any CPU.ActiveCfg = Release|Any CPU
		{F46A9C6B-B01C-46E7-BDCF-59DEDFCB476D}.Ad-Hoc|Any CPU.Build.0 = Release|Any CPU
		{F46A9C6B-B01C-46E7-BDCF-59DEDFCB476D}.Ad-Hoc|ARM.ActiveCfg = Release|Any CPU
		{F46A9C6B-B01C-46E7-BDCF-59DEDFCB476D}.Ad-Hoc|ARM.Build.0 = Release|Any CPU
		{F46A9C6B-B01C-46E7-BDCF-59DEDFCB476D}.Ad-Hoc|iPhone.ActiveCfg = Release|Any CPU
		{F46A9C6B-B01C-46E7-BDCF-59DEDFCB476D}.Ad-Hoc|iPhone.Build.0 = Release|Any CPU
		{F46A9C6B-B01C-46E7-BDCF-59DEDFCB476D}.Ad-Hoc|iPhoneSimulator.ActiveCfg = Release|Any CPU
		{F46A9C6B-B01C-46E7-BDCF-59DEDFCB476D}.Ad-Hoc|iPhoneSimulator.Build.0 = Release|Any CPU
		{F46A9C6B-B01C-46E7-BDCF-59DEDFCB476D}.Ad-Hoc|x86.ActiveCfg = Release|Any CPU
		{F46A9C6B-B01C-46E7-BDCF-59DEDFCB476D}.Ad-Hoc|x86.Build.0 = Release|Any CPU
		{F46A9C6B-B01C-46E7-BDCF-59DEDFCB476D}.AppStore|Any CPU.ActiveCfg = Release|Any CPU
		{F46A9C6B-B01C-46E7-BDCF-59DEDFCB476D}.AppStore|Any CPU.Build.0 = Release|Any CPU
		{F46A9C6B-B01C-46E7-BDCF-59DEDFCB476D}.AppStore|ARM.ActiveCfg = Release|Any CPU
		{F46A9C6B-B01C-46E7-BDCF-59DEDFCB476D}.AppStore|ARM.Build.0 = Release|Any CPU
		{F46A9C6B-B01C-46E7-BDCF-59DEDFCB476D}.AppStore|iPhone.ActiveCfg = Release|Any CPU
		{F46A9C6B-B01C-46E7-BDCF-59DEDFCB476D}.AppStore|iPhone.Build.0 = Release|Any CPU
		{F46A9C6B-B01C-46E7-BDCF-59DEDFCB476D}.AppStore|iPhoneSimulator.ActiveCfg = Release|Any CPU
		{F46A9C6B-B01C-46E7-BDCF-59DEDFCB476D}.AppStore|iPhoneSimulator.Build.0 = Release|Any CPU
		{F46A9C6B-B01C-46E7-BDCF-59DEDFCB476D}.AppStore|x86.ActiveCfg = Release|Any CPU
		{F46A9C6B-B01C-46E7-BDCF-59DEDFCB476D}.AppStore|x86.Build.0 = Release|Any CPU
		{F46A9C6B-B01C-46E7-BDCF-59DEDFCB476D}.Debug|Any CPU.ActiveCfg = Debug|Any CPU
		{F46A9C6B-B01C-46E7-BDCF-59DEDFCB476D}.Debug|Any CPU.Build.0 = Debug|Any CPU
		{F46A9C6B-B01C-46E7-BDCF-59DEDFCB476D}.Debug|ARM.ActiveCfg = Debug|Any CPU
		{F46A9C6B-B01C-46E7-BDCF-59DEDFCB476D}.Debug|ARM.Build.0 = Debug|Any CPU
		{F46A9C6B-B01C-46E7-BDCF-59DEDFCB476D}.Debug|iPhone.ActiveCfg = Debug|Any CPU
		{F46A9C6B-B01C-46E7-BDCF-59DEDFCB476D}.Debug|iPhone.Build.0 = Debug|Any CPU
		{F46A9C6B-B01C-46E7-BDCF-59DEDFCB476D}.Debug|iPhoneSimulator.ActiveCfg = Debug|Any CPU
		{F46A9C6B-B01C-46E7-BDCF-59DEDFCB476D}.Debug|iPhoneSimulator.Build.0 = Debug|Any CPU
		{F46A9C6B-B01C-46E7-BDCF-59DEDFCB476D}.Debug|x86.ActiveCfg = Debug|Any CPU
		{F46A9C6B-B01C-46E7-BDCF-59DEDFCB476D}.Debug|x86.Build.0 = Debug|Any CPU
		{F46A9C6B-B01C-46E7-BDCF-59DEDFCB476D}.Release|Any CPU.ActiveCfg = Release|Any CPU
		{F46A9C6B-B01C-46E7-BDCF-59DEDFCB476D}.Release|Any CPU.Build.0 = Release|Any CPU
		{F46A9C6B-B01C-46E7-BDCF-59DEDFCB476D}.Release|ARM.ActiveCfg = Release|Any CPU
		{F46A9C6B-B01C-46E7-BDCF-59DEDFCB476D}.Release|ARM.Build.0 = Release|Any CPU
		{F46A9C6B-B01C-46E7-BDCF-59DEDFCB476D}.Release|iPhone.ActiveCfg = Release|Any CPU
		{F46A9C6B-B01C-46E7-BDCF-59DEDFCB476D}.Release|iPhone.Build.0 = Release|Any CPU
		{F46A9C6B-B01C-46E7-BDCF-59DEDFCB476D}.Release|iPhoneSimulator.ActiveCfg = Release|Any CPU
		{F46A9C6B-B01C-46E7-BDCF-59DEDFCB476D}.Release|iPhoneSimulator.Build.0 = Release|Any CPU
		{F46A9C6B-B01C-46E7-BDCF-59DEDFCB476D}.Release|x86.ActiveCfg = Release|Any CPU
		{F46A9C6B-B01C-46E7-BDCF-59DEDFCB476D}.Release|x86.Build.0 = Release|Any CPU
	EndGlobalSection
	GlobalSection(SolutionProperties) = preSolution
		HideSolutionNode = FALSE
	EndGlobalSection
	GlobalSection(NestedProjects) = preSolution
		{CFE9FDC6-F91D-4CD1-9F8E-54B7CDC19FDD} = {F3A20495-6EC0-41D2-B857-FDC3BFE7ACAF}
		{0A0D204C-1867-47FF-8C57-FD29E36AE903} = {F3A20495-6EC0-41D2-B857-FDC3BFE7ACAF}
		{D52ACC82-0F2E-4588-8D58-43671E4477B8} = {F3A20495-6EC0-41D2-B857-FDC3BFE7ACAF}
		{E28F9BF4-5D64-49D1-A319-CDC9508538C4} = {5C6BBF59-5D11-40E8-8DB4-F0F396CA8150}
		{F46A9C6B-B01C-46E7-BDCF-59DEDFCB476D} = {BAB93B02-5B57-47AD-B43C-12713E55CBB8}
	EndGlobalSection
EndGlobal
